
Microsoft Visual Studio Solution File, Format Version 12.00
# Visual Studio Version 17
VisualStudioVersion = 17.11.35327.3
MinimumVisualStudioVersion = 10.0.40219.1
Project("{2150E333-8FDC-42A3-9474-1A3956D46DE8}") = "Task0", "Task0", "{6A90552A-3D92-4AA0-8DC1-955037D0A680}"
EndProject
Project("{9A19103F-16F7-4668-BE54-9A1E7A4F7556}") = "Tyuiu.KhabibullinMR.Sprint3.Task0.V7", "Tyuiu.KhabibullinMR.Sprint3.Task0.V7\Tyuiu.KhabibullinMR.Sprint3.Task0.V7.csproj", "{E2D8198D-1B6E-4DB5-B397-C29144A0DBDA}"
EndProject
Project("{9A19103F-16F7-4668-BE54-9A1E7A4F7556}") = "Tyuiu.KhabibullinMR.Sprint3.Task0.V7.Lib", "Tyuiu.KhabibullinMR.Sprint3.Task0.V7.Lib\Tyuiu.KhabibullinMR.Sprint3.Task0.V7.Lib.csproj", "{96F16545-1434-4A03-981B-51B48D549134}"
EndProject
Project("{9A19103F-16F7-4668-BE54-9A1E7A4F7556}") = "Tyuiu.KhabibullinMR.Sprint3.Task0.V7.Test", "Tyuiu.KhabibullinMR.Sprint3.Task0.V7.Test\Tyuiu.KhabibullinMR.Sprint3.Task0.V7.Test.csproj", "{925C0348-0D5A-41ED-B4F6-9D37298B24D5}"
EndProject
Project("{2150E333-8FDC-42A3-9474-1A3956D46DE8}") = "Task1", "Task1", "{64657D8C-D440-4779-9CCA-537C27346709}"
EndProject
Project("{9A19103F-16F7-4668-BE54-9A1E7A4F7556}") = "Tyuiu.KhabibullinMR.Sprint3.Task1.V27", "Tyuiu.KhabibullinMR.Sprint3.Task1.V27\Tyuiu.KhabibullinMR.Sprint3.Task1.V27.csproj", "{1702275E-3CE3-4904-AB20-15041624F8F9}"
EndProject
Project("{9A19103F-16F7-4668-BE54-9A1E7A4F7556}") = "Tyuiu.KhabibullinMR.Sprint3.Task1.V27.Lib", "Tyuiu.KhabibullinMR.Sprint3.Task1.V27.Lib\Tyuiu.KhabibullinMR.Sprint3.Task1.V27.Lib.csproj", "{85255527-0E47-4643-A42C-CCEB260667C0}"
EndProject
Project("{9A19103F-16F7-4668-BE54-9A1E7A4F7556}") = "Tyuiu.KhabibullinMR.Sprint3.Task1.V27.Test", "Tyuiu.KhabibullinMR.Sprint3.Task1.V27.Test\Tyuiu.KhabibullinMR.Sprint3.Task1.V27.Test.csproj", "{1DF0603B-A03C-4850-8AF7-AAB8A720AFB6}"
EndProject
Project("{2150E333-8FDC-42A3-9474-1A3956D46DE8}") = "Task2", "Task2", "{7FB17B96-CDFE-4931-AC3B-69038D27A7D4}"
EndProject
Project("{9A19103F-16F7-4668-BE54-9A1E7A4F7556}") = "Tyuiu.KhabibullinMR.Sprint3.Task2.V20", "Tyuiu.KhabibullinMR.Sprint3.Task2.V20\Tyuiu.KhabibullinMR.Sprint3.Task2.V20.csproj", "{00A1C674-171B-4A0A-9E56-E36B8A19A4BA}"
EndProject
Project("{9A19103F-16F7-4668-BE54-9A1E7A4F7556}") = "Tyuiu.KhabibullinMR.Sprint3.Task2.V20.Lib", "Tyuiu.KhabibullinMR.Sprint3.Task2.V20.Lib\Tyuiu.KhabibullinMR.Sprint3.Task2.V20.Lib.csproj", "{39FD5B7B-4579-4C20-B12B-52DEC43D4F86}"
EndProject
Project("{9A19103F-16F7-4668-BE54-9A1E7A4F7556}") = "Tyuiu.KhabibullinMR.Sprint3.Task2.V20.Test", "Tyuiu.KhabibullinMR.Sprint3.Task2.V20.Test\Tyuiu.KhabibullinMR.Sprint3.Task2.V20.Test.csproj", "{4D8F948C-6C67-40FB-A2D1-35420A96CE2A}"
EndProject
Project("{2150E333-8FDC-42A3-9474-1A3956D46DE8}") = "Task3", "Task3", "{30CFDE4A-CEE6-4EA9-9790-9EF4A9EBE76E}"
EndProject
Project("{FAE04EC0-301F-11D3-BF4B-00C04F79EFBC}") = "Tyuiu.KhabibullinMR.Sprint3.Task3.V9", "Tyuiu.KhabibullinMR.Sprint3.Task3.V9\Tyuiu.KhabibullinMR.Sprint3.Task3.V9.csproj", "{5B4C2425-0E23-4D0E-8B96-14DD870DC147}"
EndProject
Project("{FAE04EC0-301F-11D3-BF4B-00C04F79EFBC}") = "Tyuiu.KhabibullinMR.Sprint3.Task3.V9.Lib", "Tyuiu.KhabibullinMR.Sprint3.Task3.V9.Lib\Tyuiu.KhabibullinMR.Sprint3.Task3.V9.Lib.csproj", "{1E5FFF50-FA8D-474D-9B93-7BDE97C7B5C5}"
EndProject
Project("{FAE04EC0-301F-11D3-BF4B-00C04F79EFBC}") = "Tyuiu.KhabibullinMR.Sprint3.Task3.V9.Test", "Tyuiu.KhabibullinMR.Sprint3.Task3.V9.Test\Tyuiu.KhabibullinMR.Sprint3.Task3.V9.Test.csproj", "{8A61E5FE-C35C-4CB8-950A-2D4D4528DC8F}"
EndProject
Global
	GlobalSection(SolutionConfigurationPlatforms) = preSolution
		Debug|Any CPU = Debug|Any CPU
		Release|Any CPU = Release|Any CPU
	EndGlobalSection
	GlobalSection(ProjectConfigurationPlatforms) = postSolution
		{E2D8198D-1B6E-4DB5-B397-C29144A0DBDA}.Debug|Any CPU.ActiveCfg = Debug|Any CPU
		{E2D8198D-1B6E-4DB5-B397-C29144A0DBDA}.Debug|Any CPU.Build.0 = Debug|Any CPU
		{E2D8198D-1B6E-4DB5-B397-C29144A0DBDA}.Release|Any CPU.ActiveCfg = Release|Any CPU
		{E2D8198D-1B6E-4DB5-B397-C29144A0DBDA}.Release|Any CPU.Build.0 = Release|Any CPU
		{96F16545-1434-4A03-981B-51B48D549134}.Debug|Any CPU.ActiveCfg = Debug|Any CPU
		{96F16545-1434-4A03-981B-51B48D549134}.Debug|Any CPU.Build.0 = Debug|Any CPU
		{96F16545-1434-4A03-981B-51B48D549134}.Release|Any CPU.ActiveCfg = Release|Any CPU
		{96F16545-1434-4A03-981B-51B48D549134}.Release|Any CPU.Build.0 = Release|Any CPU
		{925C0348-0D5A-41ED-B4F6-9D37298B24D5}.Debug|Any CPU.ActiveCfg = Debug|Any CPU
		{925C0348-0D5A-41ED-B4F6-9D37298B24D5}.Debug|Any CPU.Build.0 = Debug|Any CPU
		{925C0348-0D5A-41ED-B4F6-9D37298B24D5}.Release|Any CPU.ActiveCfg = Release|Any CPU
		{925C0348-0D5A-41ED-B4F6-9D37298B24D5}.Release|Any CPU.Build.0 = Release|Any CPU
		{1702275E-3CE3-4904-AB20-15041624F8F9}.Debug|Any CPU.ActiveCfg = Debug|Any CPU
		{1702275E-3CE3-4904-AB20-15041624F8F9}.Debug|Any CPU.Build.0 = Debug|Any CPU
		{1702275E-3CE3-4904-AB20-15041624F8F9}.Release|Any CPU.ActiveCfg = Release|Any CPU
		{1702275E-3CE3-4904-AB20-15041624F8F9}.Release|Any CPU.Build.0 = Release|Any CPU
		{85255527-0E47-4643-A42C-CCEB260667C0}.Debug|Any CPU.ActiveCfg = Debug|Any CPU
		{85255527-0E47-4643-A42C-CCEB260667C0}.Debug|Any CPU.Build.0 = Debug|Any CPU
		{85255527-0E47-4643-A42C-CCEB260667C0}.Release|Any CPU.ActiveCfg = Release|Any CPU
		{85255527-0E47-4643-A42C-CCEB260667C0}.Release|Any CPU.Build.0 = Release|Any CPU
		{1DF0603B-A03C-4850-8AF7-AAB8A720AFB6}.Debug|Any CPU.ActiveCfg = Debug|Any CPU
		{1DF0603B-A03C-4850-8AF7-AAB8A720AFB6}.Debug|Any CPU.Build.0 = Debug|Any CPU
		{1DF0603B-A03C-4850-8AF7-AAB8A720AFB6}.Release|Any CPU.ActiveCfg = Release|Any CPU
		{1DF0603B-A03C-4850-8AF7-AAB8A720AFB6}.Release|Any CPU.Build.0 = Release|Any CPU
		{00A1C674-171B-4A0A-9E56-E36B8A19A4BA}.Debug|Any CPU.ActiveCfg = Debug|Any CPU
		{00A1C674-171B-4A0A-9E56-E36B8A19A4BA}.Debug|Any CPU.Build.0 = Debug|Any CPU
		{00A1C674-171B-4A0A-9E56-E36B8A19A4BA}.Release|Any CPU.ActiveCfg = Release|Any CPU
		{00A1C674-171B-4A0A-9E56-E36B8A19A4BA}.Release|Any CPU.Build.0 = Release|Any CPU
		{39FD5B7B-4579-4C20-B12B-52DEC43D4F86}.Debug|Any CPU.ActiveCfg = Debug|Any CPU
		{39FD5B7B-4579-4C20-B12B-52DEC43D4F86}.Debug|Any CPU.Build.0 = Debug|Any CPU
		{39FD5B7B-4579-4C20-B12B-52DEC43D4F86}.Release|Any CPU.ActiveCfg = Release|Any CPU
		{39FD5B7B-4579-4C20-B12B-52DEC43D4F86}.Release|Any CPU.Build.0 = Release|Any CPU
		{4D8F948C-6C67-40FB-A2D1-35420A96CE2A}.Debug|Any CPU.ActiveCfg = Debug|Any CPU
		{4D8F948C-6C67-40FB-A2D1-35420A96CE2A}.Debug|Any CPU.Build.0 = Debug|Any CPU
		{4D8F948C-6C67-40FB-A2D1-35420A96CE2A}.Release|Any CPU.ActiveCfg = Release|Any CPU
		{4D8F948C-6C67-40FB-A2D1-35420A96CE2A}.Release|Any CPU.Build.0 = Release|Any CPU
		{5B4C2425-0E23-4D0E-8B96-14DD870DC147}.Debug|Any CPU.ActiveCfg = Debug|Any CPU
		{5B4C2425-0E23-4D0E-8B96-14DD870DC147}.Debug|Any CPU.Build.0 = Debug|Any CPU
		{5B4C2425-0E23-4D0E-8B96-14DD870DC147}.Release|Any CPU.ActiveCfg = Release|Any CPU
		{5B4C2425-0E23-4D0E-8B96-14DD870DC147}.Release|Any CPU.Build.0 = Release|Any CPU
		{1E5FFF50-FA8D-474D-9B93-7BDE97C7B5C5}.Debug|Any CPU.ActiveCfg = Debug|Any CPU
		{1E5FFF50-FA8D-474D-9B93-7BDE97C7B5C5}.Debug|Any CPU.Build.0 = Debug|Any CPU
		{1E5FFF50-FA8D-474D-9B93-7BDE97C7B5C5}.Release|Any CPU.ActiveCfg = Release|Any CPU
		{1E5FFF50-FA8D-474D-9B93-7BDE97C7B5C5}.Release|Any CPU.Build.0 = Release|Any CPU
		{8A61E5FE-C35C-4CB8-950A-2D4D4528DC8F}.Debug|Any CPU.ActiveCfg = Debug|Any CPU
		{8A61E5FE-C35C-4CB8-950A-2D4D4528DC8F}.Debug|Any CPU.Build.0 = Debug|Any CPU
		{8A61E5FE-C35C-4CB8-950A-2D4D4528DC8F}.Release|Any CPU.ActiveCfg = Release|Any CPU
		{8A61E5FE-C35C-4CB8-950A-2D4D4528DC8F}.Release|Any CPU.Build.0 = Release|Any CPU
	EndGlobalSection
	GlobalSection(SolutionProperties) = preSolution
		HideSolutionNode = FALSE
	EndGlobalSection
	GlobalSection(NestedProjects) = preSolution
		{E2D8198D-1B6E-4DB5-B397-C29144A0DBDA} = {6A90552A-3D92-4AA0-8DC1-955037D0A680}
		{96F16545-1434-4A03-981B-51B48D549134} = {6A90552A-3D92-4AA0-8DC1-955037D0A680}
		{925C0348-0D5A-41ED-B4F6-9D37298B24D5} = {6A90552A-3D92-4AA0-8DC1-955037D0A680}
		{1702275E-3CE3-4904-AB20-15041624F8F9} = {64657D8C-D440-4779-9CCA-537C27346709}
		{85255527-0E47-4643-A42C-CCEB260667C0} = {64657D8C-D440-4779-9CCA-537C27346709}
		{1DF0603B-A03C-4850-8AF7-AAB8A720AFB6} = {64657D8C-D440-4779-9CCA-537C27346709}
		{00A1C674-171B-4A0A-9E56-E36B8A19A4BA} = {7FB17B96-CDFE-4931-AC3B-69038D27A7D4}
		{39FD5B7B-4579-4C20-B12B-52DEC43D4F86} = {7FB17B96-CDFE-4931-AC3B-69038D27A7D4}
		{4D8F948C-6C67-40FB-A2D1-35420A96CE2A} = {7FB17B96-CDFE-4931-AC3B-69038D27A7D4}
		{5B4C2425-0E23-4D0E-8B96-14DD870DC147} = {30CFDE4A-CEE6-4EA9-9790-9EF4A9EBE76E}
		{1E5FFF50-FA8D-474D-9B93-7BDE97C7B5C5} = {30CFDE4A-CEE6-4EA9-9790-9EF4A9EBE76E}
		{8A61E5FE-C35C-4CB8-950A-2D4D4528DC8F} = {30CFDE4A-CEE6-4EA9-9790-9EF4A9EBE76E}
	EndGlobalSection
	GlobalSection(ExtensibilityGlobals) = postSolution
		SolutionGuid = {CC2CC89C-EC7D-434A-BCE3-014A26962D3F}
	EndGlobalSection
EndGlobal
